{
  "name": "unstyled-ecommerce",
  "version": "1.0.0",
  "lockfileVersion": 1,
  "requires": true,
  "dependencies": {
    "bootstrap": {
      "version": "3.3.7",
      "resolved": "https://registry.npmjs.org/bootstrap/-/bootstrap-3.3.7.tgz",
      "integrity": "sha1-WjiTlFSfIzMIdaOxUGVldPip63E="
    },
    "jquery": {
      "version": "1.12.4",
      "resolved": "https://registry.npmjs.org/jquery/-/jquery-1.12.4.tgz",
      "integrity": "sha1-AeHfuikP5z3rp3zurLD5ui/sngw="
    },
    "material-design-iconic-font": {
      "version": "2.2.0",
      "resolved": "https://registry.npmjs.org/material-design-iconic-font/-/material-design-iconic-font-2.2.0.tgz",
      "integrity": "sha1-ZsOxyIDvDLh8AsoqD5AP8P5/SA0="
    },
    "metismenu": {
      "version": "2.7.7",
      "resolved": "https://registry.npmjs.org/metismenu/-/metismenu-2.7.7.tgz",
      "integrity": "sha512-Lg/ILhPC1nPloPE8aRN2ovxvoxzqQ8Jugswb12pJeD14RrYxNGwVzDF0dJyJ9GI3BzImjYLpTgo1FTptZivSoA==",
      "requires": {
        "jquery": "3.3.1"
      },
      "dependencies": {
        "jquery": {
          "version": "3.3.1",
          "resolved": "https://registry.npmjs.org/jquery/-/jquery-3.3.1.tgz",
          "integrity": "sha512-Ubldcmxp5np52/ENotGxlLe6aGMvmF4R8S6tZjsP6Knsaxd/xp3Zrh50cG93lR6nPXyUFwzN3ZSOQI0wRJNdGg=="
        }
      }
    }
  }
}
